// !$*UTF8*$!
{
	archiveVersion = 1;
	classes = {
	};
	objectVersion = 46;
	objects = {

/* Begin PBXBuildFile section */
		4B2990E41BD9DB5A00A3226E /* main.m in Sources */ = {isa = PBXBuildFile; fileRef = 4B2990E31BD9DB5A00A3226E /* main.m */; };
		4B2990E71BD9DB5A00A3226E /* AppDelegate.m in Sources */ = {isa = PBXBuildFile; fileRef = 4B2990E61BD9DB5A00A3226E /* AppDelegate.m */; };
		4B2990EA1BD9DB5A00A3226E /* ViewController.m in Sources */ = {isa = PBXBuildFile; fileRef = 4B2990E91BD9DB5A00A3226E /* ViewController.m */; };
		4B2990ED1BD9DB5A00A3226E /* Main.storyboard in Resources */ = {isa = PBXBuildFile; fileRef = 4B2990EB1BD9DB5A00A3226E /* Main.storyboard */; };
		4B2990EF1BD9DB5A00A3226E /* Assets.xcassets in Resources */ = {isa = PBXBuildFile; fileRef = 4B2990EE1BD9DB5A00A3226E /* Assets.xcassets */; };
		4B2990F21BD9DB5A00A3226E /* LaunchScreen.storyboard in Resources */ = {isa = PBXBuildFile; fileRef = 4B2990F01BD9DB5A00A3226E /* LaunchScreen.storyboard */; };
		4BEEC2711BD9E41000248210 /* libCedar.a in Frameworks */ = {isa = PBXBuildFile; fileRef = 4B2991271BD9DCE200A3226E /* libCedar.a */; };
		4BEEC2721BD9E41700248210 /* UIKit.framework in Frameworks */ = {isa = PBXBuildFile; fileRef = 4B2991451BD9DD6F00A3226E /* UIKit.framework */; };
		4BEEC2741BD9E4A000248210 /* ExampleSpec.mm in Sources */ = {isa = PBXBuildFile; fileRef = 4BEEC2731BD9E4A000248210 /* ExampleSpec.mm */; settings = {ASSET_TAGS = (); }; };
/* End PBXBuildFile section */

/* Begin PBXContainerItemProxy section */
		4B29911E1BD9DCE200A3226E /* PBXContainerItemProxy */ = {
			isa = PBXContainerItemProxy;
			containerPortal = 4B2991081BD9DCE100A3226E /* Cedar.xcodeproj */;
			proxyType = 2;
			remoteGlobalIDString = AEEE1FB611DC271300029872;
			remoteInfo = "Cedar-OSX";
		};
		4B2991201BD9DCE200A3226E /* PBXContainerItemProxy */ = {
			isa = PBXContainerItemProxy;
			containerPortal = 4B2991081BD9DCE100A3226E /* Cedar.xcodeproj */;
			proxyType = 2;
			remoteGlobalIDString = AE4864F81B067620005DB302;
			remoteInfo = "Cedar-iOS";
		};
		4B2991221BD9DCE200A3226E /* PBXContainerItemProxy */ = {
			isa = PBXContainerItemProxy;
			containerPortal = 4B2991081BD9DCE100A3226E /* Cedar.xcodeproj */;
			proxyType = 2;
			remoteGlobalIDString = 346261DF1B995239002CAEBD;
			remoteInfo = "Cedar-watchOS";
		};
		4B2991241BD9DCE200A3226E /* PBXContainerItemProxy */ = {
			isa = PBXContainerItemProxy;
			containerPortal = 4B2991081BD9DCE100A3226E /* Cedar.xcodeproj */;
			proxyType = 2;
			remoteGlobalIDString = 34D7C3CA1BB9747400E8E523;
			remoteInfo = "Cedar-tvOS";
		};
		4B2991261BD9DCE200A3226E /* PBXContainerItemProxy */ = {
			isa = PBXContainerItemProxy;
			containerPortal = 4B2991081BD9DCE100A3226E /* Cedar.xcodeproj */;
			proxyType = 2;
			remoteGlobalIDString = AEEE222911DC2B0600029872;
			remoteInfo = "Cedar-iOS StaticLib";
		};
		4B2991281BD9DCE200A3226E /* PBXContainerItemProxy */ = {
			isa = PBXContainerItemProxy;
			containerPortal = 4B2991081BD9DCE100A3226E /* Cedar.xcodeproj */;
			proxyType = 2;
			remoteGlobalIDString = AEEE218611DC28E200029872;
			remoteInfo = "Cedar-OSX Specs";
		};
		4B29912A1BD9DCE200A3226E /* PBXContainerItemProxy */ = {
			isa = PBXContainerItemProxy;
			containerPortal = 4B2991081BD9DCE100A3226E /* Cedar.xcodeproj */;
			proxyType = 2;
			remoteGlobalIDString = 96A07F0813F276640021974D;
			remoteInfo = "Cedar-OSX FocusedSpecs";
		};
		4B29912C1BD9DCE200A3226E /* PBXContainerItemProxy */ = {
			isa = PBXContainerItemProxy;
			containerPortal = 4B2991081BD9DCE100A3226E /* Cedar.xcodeproj */;
			proxyType = 2;
			remoteGlobalIDString = AE03FBE91B06C33B00013784;
			remoteInfo = "Cedar-iOS Specs";
		};
		4B29912E1BD9DCE200A3226E /* PBXContainerItemProxy */ = {
			isa = PBXContainerItemProxy;
			containerPortal = 4B2991081BD9DCE100A3226E /* Cedar.xcodeproj */;
			proxyType = 2;
			remoteGlobalIDString = AEEE227611DC2CF900029872;
			remoteInfo = "Cedar-iOS StaticLib Specs";
		};
		4B2991301BD9DCE200A3226E /* PBXContainerItemProxy */ = {
			isa = PBXContainerItemProxy;
			containerPortal = 4B2991081BD9DCE100A3226E /* Cedar.xcodeproj */;
			proxyType = 2;
			remoteGlobalIDString = AE02E7E4184EABCD00414F19;
			remoteInfo = "Cedar-iOS StaticFrameworkSpecs";
		};
		4B2991321BD9DCE200A3226E /* PBXContainerItemProxy */ = {
			isa = PBXContainerItemProxy;
			containerPortal = 4B2991081BD9DCE100A3226E /* Cedar.xcodeproj */;
			proxyType = 2;
			remoteGlobalIDString = AE248F9819DCD52500092C14;
			remoteInfo = "Cedar-OSX HostApp";
		};
		4B2991341BD9DCE200A3226E /* PBXContainerItemProxy */ = {
			isa = PBXContainerItemProxy;
			containerPortal = 4B2991081BD9DCE100A3226E /* Cedar.xcodeproj */;
			proxyType = 2;
			remoteGlobalIDString = 96B5F9F6144A81A7000A6A5D;
			remoteInfo = "Cedar-iOS HostApp";
		};
		4B2991361BD9DCE200A3226E /* PBXContainerItemProxy */ = {
			isa = PBXContainerItemProxy;
			containerPortal = 4B2991081BD9DCE100A3226E /* Cedar.xcodeproj */;
			proxyType = 2;
			remoteGlobalIDString = 34852D211BBE35FF0072D249;
			remoteInfo = "Cedar-watchOS HostApp";
		};
		4B2991381BD9DCE200A3226E /* PBXContainerItemProxy */ = {
			isa = PBXContainerItemProxy;
			containerPortal = 4B2991081BD9DCE100A3226E /* Cedar.xcodeproj */;
			proxyType = 2;
			remoteGlobalIDString = AE248FAA19DCD52500092C14;
			remoteInfo = "Cedar-OSX SpecBundle";
		};
		4B29913A1BD9DCE200A3226E /* PBXContainerItemProxy */ = {
			isa = PBXContainerItemProxy;
			containerPortal = 4B2991081BD9DCE100A3226E /* Cedar.xcodeproj */;
			proxyType = 2;
			remoteGlobalIDString = 1F45A3DD180E4796003C1E36;
			remoteInfo = "Cedar-iOS SpecBundle";
		};
		4B29913C1BD9DCE200A3226E /* PBXContainerItemProxy */ = {
			isa = PBXContainerItemProxy;
			containerPortal = 4B2991081BD9DCE100A3226E /* Cedar.xcodeproj */;
			proxyType = 2;
			remoteGlobalIDString = 346262781B99C1DB002CAEBD;
			remoteInfo = "Cedar-watchOS Specs";
		};
		4B29913E1BD9DCE200A3226E /* PBXContainerItemProxy */ = {
			isa = PBXContainerItemProxy;
			containerPortal = 4B2991081BD9DCE100A3226E /* Cedar.xcodeproj */;
			proxyType = 2;
			remoteGlobalIDString = 346262841B99C1DC002CAEBD;
			remoteInfo = "Cedar-watchOS Specs Extension";
		};
		4B2991401BD9DCE200A3226E /* PBXContainerItemProxy */ = {
			isa = PBXContainerItemProxy;
			containerPortal = 4B2991081BD9DCE100A3226E /* Cedar.xcodeproj */;
			proxyType = 2;
			remoteGlobalIDString = 34D7C4691BB9B71600E8E523;
			remoteInfo = "Cedar-tvOS SpecBundle";
		};
		4BEEC26A1BD9E3CC00248210 /* PBXContainerItemProxy */ = {
			isa = PBXContainerItemProxy;
			containerPortal = 4B2990D71BD9DB5A00A3226E /* Project object */;
			proxyType = 1;
			remoteGlobalIDString = 4B2990DE1BD9DB5A00A3226E;
			remoteInfo = TradingFacesMobile;
		};
		4BEEC26F1BD9E40400248210 /* PBXContainerItemProxy */ = {
			isa = PBXContainerItemProxy;
			containerPortal = 4B2991081BD9DCE100A3226E /* Cedar.xcodeproj */;
			proxyType = 1;
			remoteGlobalIDString = AEEE222811DC2B0600029872;
			remoteInfo = "Cedar-iOS StaticLib";
		};
/* End PBXContainerItemProxy section */

/* Begin PBXFileReference section */
		4B2990DF1BD9DB5A00A3226E /* TradingFacesMobile.app */ = {isa = PBXFileReference; explicitFileType = wrapper.application; includeInIndex = 0; path = TradingFacesMobile.app; sourceTree = BUILT_PRODUCTS_DIR; };
		4B2990E31BD9DB5A00A3226E /* main.m */ = {isa = PBXFileReference; lastKnownFileType = sourcecode.c.objc; path = main.m; sourceTree = "<group>"; };
		4B2990E51BD9DB5A00A3226E /* AppDelegate.h */ = {isa = PBXFileReference; lastKnownFileType = sourcecode.c.h; path = AppDelegate.h; sourceTree = "<group>"; };
		4B2990E61BD9DB5A00A3226E /* AppDelegate.m */ = {isa = PBXFileReference; lastKnownFileType = sourcecode.c.objc; path = AppDelegate.m; sourceTree = "<group>"; };
		4B2990E81BD9DB5A00A3226E /* ViewController.h */ = {isa = PBXFileReference; lastKnownFileType = sourcecode.c.h; path = ViewController.h; sourceTree = "<group>"; };
		4B2990E91BD9DB5A00A3226E /* ViewController.m */ = {isa = PBXFileReference; lastKnownFileType = sourcecode.c.objc; path = ViewController.m; sourceTree = "<group>"; };
		4B2990EC1BD9DB5A00A3226E /* Base */ = {isa = PBXFileReference; lastKnownFileType = file.storyboard; name = Base; path = Base.lproj/Main.storyboard; sourceTree = "<group>"; };
		4B2990EE1BD9DB5A00A3226E /* Assets.xcassets */ = {isa = PBXFileReference; lastKnownFileType = folder.assetcatalog; path = Assets.xcassets; sourceTree = "<group>"; };
		4B2990F11BD9DB5A00A3226E /* Base */ = {isa = PBXFileReference; lastKnownFileType = file.storyboard; name = Base; path = Base.lproj/LaunchScreen.storyboard; sourceTree = "<group>"; };
		4B2990F31BD9DB5A00A3226E /* Info.plist */ = {isa = PBXFileReference; lastKnownFileType = text.plist.xml; path = Info.plist; sourceTree = "<group>"; };
		4B2991081BD9DCE100A3226E /* Cedar.xcodeproj */ = {isa = PBXFileReference; lastKnownFileType = "wrapper.pb-project"; name = Cedar.xcodeproj; path = cedar/Cedar.xcodeproj; sourceTree = "<group>"; };
		4B2991451BD9DD6F00A3226E /* UIKit.framework */ = {isa = PBXFileReference; lastKnownFileType = wrapper.framework; name = UIKit.framework; path = System/Library/Frameworks/UIKit.framework; sourceTree = SDKROOT; };
		4BEEC2651BD9E3CC00248210 /* Specs.xctest */ = {isa = PBXFileReference; explicitFileType = wrapper.cfbundle; includeInIndex = 0; path = Specs.xctest; sourceTree = BUILT_PRODUCTS_DIR; };
		4BEEC2691BD9E3CC00248210 /* Info.plist */ = {isa = PBXFileReference; lastKnownFileType = text.plist.xml; path = Info.plist; sourceTree = "<group>"; };
		4BEEC2731BD9E4A000248210 /* ExampleSpec.mm */ = {isa = PBXFileReference; fileEncoding = 4; lastKnownFileType = sourcecode.cpp.objcpp; path = ExampleSpec.mm; sourceTree = "<group>"; };
/* End PBXFileReference section */

/* Begin PBXFrameworksBuildPhase section */
		4B2990DC1BD9DB5A00A3226E /* Frameworks */ = {
			isa = PBXFrameworksBuildPhase;
			buildActionMask = 2147483647;
			files = (
			);
			runOnlyForDeploymentPostprocessing = 0;
		};
		4BEEC2621BD9E3CC00248210 /* Frameworks */ = {
			isa = PBXFrameworksBuildPhase;
			buildActionMask = 2147483647;
			files = (
				4BEEC2721BD9E41700248210 /* UIKit.framework in Frameworks */,
				4BEEC2711BD9E41000248210 /* libCedar.a in Frameworks */,
			);
			runOnlyForDeploymentPostprocessing = 0;
		};
/* End PBXFrameworksBuildPhase section */

/* Begin PBXGroup section */
		4B2990D61BD9DB5A00A3226E = {
			isa = PBXGroup;
			children = (
				4BEEC2751BD9E5F000248210 /* Frameworks */,
				4B2991071BD9DBE800A3226E /* Externals */,
				4B2990E11BD9DB5A00A3226E /* TradingFacesMobile */,
				4BEEC2661BD9E3CC00248210 /* Specs */,
				4B2990E01BD9DB5A00A3226E /* Products */,
			);
			sourceTree = "<group>";
		};
		4B2990E01BD9DB5A00A3226E /* Products */ = {
			isa = PBXGroup;
			children = (
				4B2990DF1BD9DB5A00A3226E /* TradingFacesMobile.app */,
				4BEEC2651BD9E3CC00248210 /* Specs.xctest */,
			);
			name = Products;
			sourceTree = "<group>";
		};
		4B2990E11BD9DB5A00A3226E /* TradingFacesMobile */ = {
			isa = PBXGroup;
			children = (
				4B2990E51BD9DB5A00A3226E /* AppDelegate.h */,
				4B2990E61BD9DB5A00A3226E /* AppDelegate.m */,
				4B2990E81BD9DB5A00A3226E /* ViewController.h */,
				4B2990E91BD9DB5A00A3226E /* ViewController.m */,
				4B2990EB1BD9DB5A00A3226E /* Main.storyboard */,
				4B2990EE1BD9DB5A00A3226E /* Assets.xcassets */,
				4B2990F01BD9DB5A00A3226E /* LaunchScreen.storyboard */,
				4B2990F31BD9DB5A00A3226E /* Info.plist */,
				4B2990E21BD9DB5A00A3226E /* Supporting Files */,
			);
			path = TradingFacesMobile;
			sourceTree = "<group>";
		};
		4B2990E21BD9DB5A00A3226E /* Supporting Files */ = {
			isa = PBXGroup;
			children = (
				4B2990E31BD9DB5A00A3226E /* main.m */,
			);
			name = "Supporting Files";
			sourceTree = "<group>";
		};
		4B2991071BD9DBE800A3226E /* Externals */ = {
			isa = PBXGroup;
			children = (
				4B2991081BD9DCE100A3226E /* Cedar.xcodeproj */,
			);
			path = Externals;
			sourceTree = "<group>";
		};
		4B2991091BD9DCE100A3226E /* Products */ = {
			isa = PBXGroup;
			children = (
				4B29911F1BD9DCE200A3226E /* Cedar.framework */,
				4B2991211BD9DCE200A3226E /* Cedar.framework */,
				4B2991231BD9DCE200A3226E /* Cedar.framework */,
				4B2991251BD9DCE200A3226E /* Cedar.framework */,
				4B2991271BD9DCE200A3226E /* libCedar.a */,
				4B2991291BD9DCE200A3226E /* Cedar-OSX Specs */,
				4B29912B1BD9DCE200A3226E /* Cedar-OSX FocusedSpecs */,
				4B29912D1BD9DCE200A3226E /* Cedar-iOS Specs.app */,
				4B29912F1BD9DCE200A3226E /* Cedar-iOS StaticLib Specs.app */,
				4B2991311BD9DCE200A3226E /* Cedar-iOS StaticFrameworkSpecs.app */,
				4B2991331BD9DCE200A3226E /* Cedar-OSX HostApp.app */,
				4B2991351BD9DCE200A3226E /* Cedar-iOS HostApp.app */,
				4B2991371BD9DCE200A3226E /* Cedar-watchOS HostApp.app */,
				4B2991391BD9DCE200A3226E /* Cedar-OSX SpecBundle.xctest */,
				4B29913B1BD9DCE200A3226E /* Cedar-iOS SpecBundle.xctest */,
				4B29913D1BD9DCE200A3226E /* Cedar-watchOS Specs.app */,
				4B29913F1BD9DCE200A3226E /* Cedar-watchOS Specs Extension.appex */,
				4B2991411BD9DCE200A3226E /* Cedar-tvOS SpecBundle.bundle */,
			);
			name = Products;
			sourceTree = "<group>";
		};
		4BEEC2661BD9E3CC00248210 /* Specs */ = {
			isa = PBXGroup;
			children = (
				4BEEC2691BD9E3CC00248210 /* Info.plist */,
				4BEEC2731BD9E4A000248210 /* ExampleSpec.mm */,
			);
			path = Specs;
			sourceTree = "<group>";
		};
		4BEEC2751BD9E5F000248210 /* Frameworks */ = {
			isa = PBXGroup;
			children = (
				4B2991451BD9DD6F00A3226E /* UIKit.framework */,
			);
			name = Frameworks;
			sourceTree = "<group>";
		};
/* End PBXGroup section */

/* Begin PBXNativeTarget section */
		4B2990DE1BD9DB5A00A3226E /* TradingFacesMobile */ = {
			isa = PBXNativeTarget;
			buildConfigurationList = 4B2991011BD9DB5A00A3226E /* Build configuration list for PBXNativeTarget "TradingFacesMobile" */;
			buildPhases = (
				4B2990DB1BD9DB5A00A3226E /* Sources */,
				4B2990DC1BD9DB5A00A3226E /* Frameworks */,
				4B2990DD1BD9DB5A00A3226E /* Resources */,
			);
			buildRules = (
			);
			dependencies = (
			);
			name = TradingFacesMobile;
			productName = TradingFacesMobile;
			productReference = 4B2990DF1BD9DB5A00A3226E /* TradingFacesMobile.app */;
			productType = "com.apple.product-type.application";
		};
		4BEEC2641BD9E3CC00248210 /* Specs */ = {
			isa = PBXNativeTarget;
			buildConfigurationList = 4BEEC26C1BD9E3CC00248210 /* Build configuration list for PBXNativeTarget "Specs" */;
			buildPhases = (
				4BEEC2611BD9E3CC00248210 /* Sources */,
				4BEEC2621BD9E3CC00248210 /* Frameworks */,
				4BEEC2631BD9E3CC00248210 /* Resources */,
			);
			buildRules = (
			);
			dependencies = (
				4BEEC2701BD9E40400248210 /* PBXTargetDependency */,
				4BEEC26B1BD9E3CC00248210 /* PBXTargetDependency */,
			);
			name = Specs;
			productName = Specs;
			productReference = 4BEEC2651BD9E3CC00248210 /* Specs.xctest */;
			productType = "com.apple.product-type.bundle.unit-test";
		};
/* End PBXNativeTarget section */

/* Begin PBXProject section */
		4B2990D71BD9DB5A00A3226E /* Project object */ = {
			isa = PBXProject;
			attributes = {
				LastUpgradeCheck = 0700;
				ORGANIZATIONNAME = "Evan Hughes";
				TargetAttributes = {
					4B2990DE1BD9DB5A00A3226E = {
						CreatedOnToolsVersion = 7.0;
					};
					4BEEC2641BD9E3CC00248210 = {
						CreatedOnToolsVersion = 7.0;
						TestTargetID = 4B2990DE1BD9DB5A00A3226E;
					};
				};
			};
			buildConfigurationList = 4B2990DA1BD9DB5A00A3226E /* Build configuration list for PBXProject "TradingFacesMobile" */;
			compatibilityVersion = "Xcode 3.2";
			developmentRegion = English;
			hasScannedForEncodings = 0;
			knownRegions = (
				en,
				Base,
			);
			mainGroup = 4B2990D61BD9DB5A00A3226E;
			productRefGroup = 4B2990E01BD9DB5A00A3226E /* Products */;
			projectDirPath = "";
			projectReferences = (
				{
					ProductGroup = 4B2991091BD9DCE100A3226E /* Products */;
					ProjectRef = 4B2991081BD9DCE100A3226E /* Cedar.xcodeproj */;
				},
			);
			projectRoot = "";
			targets = (
				4B2990DE1BD9DB5A00A3226E /* TradingFacesMobile */,
				4BEEC2641BD9E3CC00248210 /* Specs */,
			);
		};
/* End PBXProject section */

/* Begin PBXReferenceProxy section */
		4B29911F1BD9DCE200A3226E /* Cedar.framework */ = {
			isa = PBXReferenceProxy;
			fileType = wrapper.framework;
			path = Cedar.framework;
			remoteRef = 4B29911E1BD9DCE200A3226E /* PBXContainerItemProxy */;
			sourceTree = BUILT_PRODUCTS_DIR;
		};
		4B2991211BD9DCE200A3226E /* Cedar.framework */ = {
			isa = PBXReferenceProxy;
			fileType = wrapper.framework;
			path = Cedar.framework;
			remoteRef = 4B2991201BD9DCE200A3226E /* PBXContainerItemProxy */;
			sourceTree = BUILT_PRODUCTS_DIR;
		};
		4B2991231BD9DCE200A3226E /* Cedar.framework */ = {
			isa = PBXReferenceProxy;
			fileType = wrapper.framework;
			path = Cedar.framework;
			remoteRef = 4B2991221BD9DCE200A3226E /* PBXContainerItemProxy */;
			sourceTree = BUILT_PRODUCTS_DIR;
		};
		4B2991251BD9DCE200A3226E /* Cedar.framework */ = {
			isa = PBXReferenceProxy;
			fileType = wrapper.framework;
			path = Cedar.framework;
			remoteRef = 4B2991241BD9DCE200A3226E /* PBXContainerItemProxy */;
			sourceTree = BUILT_PRODUCTS_DIR;
		};
		4B2991271BD9DCE200A3226E /* libCedar.a */ = {
			isa = PBXReferenceProxy;
			fileType = archive.ar;
			path = libCedar.a;
			remoteRef = 4B2991261BD9DCE200A3226E /* PBXContainerItemProxy */;
			sourceTree = BUILT_PRODUCTS_DIR;
		};
		4B2991291BD9DCE200A3226E /* Cedar-OSX Specs */ = {
			isa = PBXReferenceProxy;
			fileType = "compiled.mach-o.executable";
			path = "Cedar-OSX Specs";
			remoteRef = 4B2991281BD9DCE200A3226E /* PBXContainerItemProxy */;
			sourceTree = BUILT_PRODUCTS_DIR;
		};
		4B29912B1BD9DCE200A3226E /* Cedar-OSX FocusedSpecs */ = {
			isa = PBXReferenceProxy;
			fileType = "compiled.mach-o.executable";
			path = "Cedar-OSX FocusedSpecs";
			remoteRef = 4B29912A1BD9DCE200A3226E /* PBXContainerItemProxy */;
			sourceTree = BUILT_PRODUCTS_DIR;
		};
		4B29912D1BD9DCE200A3226E /* Cedar-iOS Specs.app */ = {
			isa = PBXReferenceProxy;
			fileType = wrapper.application;
			path = "Cedar-iOS Specs.app";
			remoteRef = 4B29912C1BD9DCE200A3226E /* PBXContainerItemProxy */;
			sourceTree = BUILT_PRODUCTS_DIR;
		};
		4B29912F1BD9DCE200A3226E /* Cedar-iOS StaticLib Specs.app */ = {
			isa = PBXReferenceProxy;
			fileType = wrapper.application;
			path = "Cedar-iOS StaticLib Specs.app";
			remoteRef = 4B29912E1BD9DCE200A3226E /* PBXContainerItemProxy */;
			sourceTree = BUILT_PRODUCTS_DIR;
		};
		4B2991311BD9DCE200A3226E /* Cedar-iOS StaticFrameworkSpecs.app */ = {
			isa = PBXReferenceProxy;
			fileType = wrapper.application;
			path = "Cedar-iOS StaticFrameworkSpecs.app";
			remoteRef = 4B2991301BD9DCE200A3226E /* PBXContainerItemProxy */;
			sourceTree = BUILT_PRODUCTS_DIR;
		};
		4B2991331BD9DCE200A3226E /* Cedar-OSX HostApp.app */ = {
			isa = PBXReferenceProxy;
			fileType = wrapper.application;
			path = "Cedar-OSX HostApp.app";
			remoteRef = 4B2991321BD9DCE200A3226E /* PBXContainerItemProxy */;
			sourceTree = BUILT_PRODUCTS_DIR;
		};
		4B2991351BD9DCE200A3226E /* Cedar-iOS HostApp.app */ = {
			isa = PBXReferenceProxy;
			fileType = wrapper.application;
			path = "Cedar-iOS HostApp.app";
			remoteRef = 4B2991341BD9DCE200A3226E /* PBXContainerItemProxy */;
			sourceTree = BUILT_PRODUCTS_DIR;
		};
		4B2991371BD9DCE200A3226E /* Cedar-watchOS HostApp.app */ = {
			isa = PBXReferenceProxy;
			fileType = wrapper.application;
			path = "Cedar-watchOS HostApp.app";
			remoteRef = 4B2991361BD9DCE200A3226E /* PBXContainerItemProxy */;
			sourceTree = BUILT_PRODUCTS_DIR;
		};
		4B2991391BD9DCE200A3226E /* Cedar-OSX SpecBundle.xctest */ = {
			isa = PBXReferenceProxy;
			fileType = wrapper.cfbundle;
			path = "Cedar-OSX SpecBundle.xctest";
			remoteRef = 4B2991381BD9DCE200A3226E /* PBXContainerItemProxy */;
			sourceTree = BUILT_PRODUCTS_DIR;
		};
		4B29913B1BD9DCE200A3226E /* Cedar-iOS SpecBundle.xctest */ = {
			isa = PBXReferenceProxy;
			fileType = wrapper.cfbundle;
			path = "Cedar-iOS SpecBundle.xctest";
			remoteRef = 4B29913A1BD9DCE200A3226E /* PBXContainerItemProxy */;
			sourceTree = BUILT_PRODUCTS_DIR;
		};
		4B29913D1BD9DCE200A3226E /* Cedar-watchOS Specs.app */ = {
			isa = PBXReferenceProxy;
			fileType = wrapper.application;
			path = "Cedar-watchOS Specs.app";
			remoteRef = 4B29913C1BD9DCE200A3226E /* PBXContainerItemProxy */;
			sourceTree = BUILT_PRODUCTS_DIR;
		};
		4B29913F1BD9DCE200A3226E /* Cedar-watchOS Specs Extension.appex */ = {
			isa = PBXReferenceProxy;
			fileType = "wrapper.app-extension";
			path = "Cedar-watchOS Specs Extension.appex";
			remoteRef = 4B29913E1BD9DCE200A3226E /* PBXContainerItemProxy */;
			sourceTree = BUILT_PRODUCTS_DIR;
		};
		4B2991411BD9DCE200A3226E /* Cedar-tvOS SpecBundle.bundle */ = {
			isa = PBXReferenceProxy;
			fileType = wrapper.cfbundle;
			path = "Cedar-tvOS SpecBundle.bundle";
			remoteRef = 4B2991401BD9DCE200A3226E /* PBXContainerItemProxy */;
			sourceTree = BUILT_PRODUCTS_DIR;
		};
/* End PBXReferenceProxy section */

/* Begin PBXResourcesBuildPhase section */
		4B2990DD1BD9DB5A00A3226E /* Resources */ = {
			isa = PBXResourcesBuildPhase;
			buildActionMask = 2147483647;
			files = (
				4B2990F21BD9DB5A00A3226E /* LaunchScreen.storyboard in Resources */,
				4B2990EF1BD9DB5A00A3226E /* Assets.xcassets in Resources */,
				4B2990ED1BD9DB5A00A3226E /* Main.storyboard in Resources */,
			);
			runOnlyForDeploymentPostprocessing = 0;
		};
		4BEEC2631BD9E3CC00248210 /* Resources */ = {
			isa = PBXResourcesBuildPhase;
			buildActionMask = 2147483647;
			files = (
			);
			runOnlyForDeploymentPostprocessing = 0;
		};
/* End PBXResourcesBuildPhase section */

/* Begin PBXSourcesBuildPhase section */
		4B2990DB1BD9DB5A00A3226E /* Sources */ = {
			isa = PBXSourcesBuildPhase;
			buildActionMask = 2147483647;
			files = (
				4B2990EA1BD9DB5A00A3226E /* ViewController.m in Sources */,
				4B2990E71BD9DB5A00A3226E /* AppDelegate.m in Sources */,
				4B2990E41BD9DB5A00A3226E /* main.m in Sources */,
			);
			runOnlyForDeploymentPostprocessing = 0;
		};
		4BEEC2611BD9E3CC00248210 /* Sources */ = {
			isa = PBXSourcesBuildPhase;
			buildActionMask = 2147483647;
			files = (
				4BEEC2741BD9E4A000248210 /* ExampleSpec.mm in Sources */,
			);
			runOnlyForDeploymentPostprocessing = 0;
		};
/* End PBXSourcesBuildPhase section */

/* Begin PBXTargetDependency section */
		4BEEC26B1BD9E3CC00248210 /* PBXTargetDependency */ = {
			isa = PBXTargetDependency;
			target = 4B2990DE1BD9DB5A00A3226E /* TradingFacesMobile */;
			targetProxy = 4BEEC26A1BD9E3CC00248210 /* PBXContainerItemProxy */;
		};
		4BEEC2701BD9E40400248210 /* PBXTargetDependency */ = {
			isa = PBXTargetDependency;
			name = "Cedar-iOS StaticLib";
			targetProxy = 4BEEC26F1BD9E40400248210 /* PBXContainerItemProxy */;
		};
/* End PBXTargetDependency section */

/* Begin PBXVariantGroup section */
		4B2990EB1BD9DB5A00A3226E /* Main.storyboard */ = {
			isa = PBXVariantGroup;
			children = (
				4B2990EC1BD9DB5A00A3226E /* Base */,
			);
			name = Main.storyboard;
			sourceTree = "<group>";
		};
		4B2990F01BD9DB5A00A3226E /* LaunchScreen.storyboard */ = {
			isa = PBXVariantGroup;
			children = (
				4B2990F11BD9DB5A00A3226E /* Base */,
			);
			name = LaunchScreen.storyboard;
			sourceTree = "<group>";
		};
/* End PBXVariantGroup section */

/* Begin XCBuildConfiguration section */
		4B2990FF1BD9DB5A00A3226E /* Debug */ = {
			isa = XCBuildConfiguration;
			buildSettings = {
				ALWAYS_SEARCH_USER_PATHS = NO;
				CLANG_CXX_LANGUAGE_STANDARD = "gnu++0x";
				CLANG_CXX_LIBRARY = "libc++";
				CLANG_ENABLE_MODULES = YES;
				CLANG_ENABLE_OBJC_ARC = YES;
				CLANG_WARN_BOOL_CONVERSION = YES;
				CLANG_WARN_CONSTANT_CONVERSION = YES;
				CLANG_WARN_DIRECT_OBJC_ISA_USAGE = YES_ERROR;
				CLANG_WARN_EMPTY_BODY = YES;
				CLANG_WARN_ENUM_CONVERSION = YES;
				CLANG_WARN_INT_CONVERSION = YES;
				CLANG_WARN_OBJC_ROOT_CLASS = YES_ERROR;
				CLANG_WARN_UNREACHABLE_CODE = YES;
				CLANG_WARN__DUPLICATE_METHOD_MATCH = YES;
				"CODE_SIGN_IDENTITY[sdk=iphoneos*]" = "iPhone Developer";
				COPY_PHASE_STRIP = NO;
				DEBUG_INFORMATION_FORMAT = dwarf;
				ENABLE_STRICT_OBJC_MSGSEND = YES;
				ENABLE_TESTABILITY = YES;
				GCC_C_LANGUAGE_STANDARD = gnu99;
				GCC_DYNAMIC_NO_PIC = NO;
				GCC_NO_COMMON_BLOCKS = YES;
				GCC_OPTIMIZATION_LEVEL = 0;
				GCC_PREPROCESSOR_DEFINITIONS = (
					"DEBUG=1",
					"$(inherited)",
				);
				GCC_WARN_64_TO_32_BIT_CONVERSION = YES;
				GCC_WARN_ABOUT_RETURN_TYPE = YES_ERROR;
				GCC_WARN_UNDECLARED_SELECTOR = YES;
				GCC_WARN_UNINITIALIZED_AUTOS = YES_AGGRESSIVE;
				GCC_WARN_UNUSED_FUNCTION = YES;
				GCC_WARN_UNUSED_VARIABLE = YES;
				IPHONEOS_DEPLOYMENT_TARGET = 9.0;
				MTL_ENABLE_DEBUG_INFO = YES;
				ONLY_ACTIVE_ARCH = YES;
				SDKROOT = iphoneos;
			};
			name = Debug;
		};
		4B2991001BD9DB5A00A3226E /* Release */ = {
			isa = XCBuildConfiguration;
			buildSettings = {
				ALWAYS_SEARCH_USER_PATHS = NO;
				CLANG_CXX_LANGUAGE_STANDARD = "gnu++0x";
				CLANG_CXX_LIBRARY = "libc++";
				CLANG_ENABLE_MODULES = YES;
				CLANG_ENABLE_OBJC_ARC = YES;
				CLANG_WARN_BOOL_CONVERSION = YES;
				CLANG_WARN_CONSTANT_CONVERSION = YES;
				CLANG_WARN_DIRECT_OBJC_ISA_USAGE = YES_ERROR;
				CLANG_WARN_EMPTY_BODY = YES;
				CLANG_WARN_ENUM_CONVERSION = YES;
				CLANG_WARN_INT_CONVERSION = YES;
				CLANG_WARN_OBJC_ROOT_CLASS = YES_ERROR;
				CLANG_WARN_UNREACHABLE_CODE = YES;
				CLANG_WARN__DUPLICATE_METHOD_MATCH = YES;
				"CODE_SIGN_IDENTITY[sdk=iphoneos*]" = "iPhone Developer";
				COPY_PHASE_STRIP = NO;
				DEBUG_INFORMATION_FORMAT = "dwarf-with-dsym";
				ENABLE_NS_ASSERTIONS = NO;
				ENABLE_STRICT_OBJC_MSGSEND = YES;
				GCC_C_LANGUAGE_STANDARD = gnu99;
				GCC_NO_COMMON_BLOCKS = YES;
				GCC_WARN_64_TO_32_BIT_CONVERSION = YES;
				GCC_WARN_ABOUT_RETURN_TYPE = YES_ERROR;
				GCC_WARN_UNDECLARED_SELECTOR = YES;
				GCC_WARN_UNINITIALIZED_AUTOS = YES_AGGRESSIVE;
				GCC_WARN_UNUSED_FUNCTION = YES;
				GCC_WARN_UNUSED_VARIABLE = YES;
				IPHONEOS_DEPLOYMENT_TARGET = 9.0;
				MTL_ENABLE_DEBUG_INFO = NO;
				SDKROOT = iphoneos;
				VALIDATE_PRODUCT = YES;
			};
			name = Release;
		};
		4B2991021BD9DB5A00A3226E /* Debug */ = {
			isa = XCBuildConfiguration;
			buildSettings = {
				ASSETCATALOG_COMPILER_APPICON_NAME = AppIcon;
				INFOPLIST_FILE = TradingFacesMobile/Info.plist;
				LD_RUNPATH_SEARCH_PATHS = "$(inherited) @executable_path/Frameworks";
				PRODUCT_BUNDLE_IDENTIFIER = com.evanhughes3.TradingFacesMobile;
				PRODUCT_NAME = "$(TARGET_NAME)";
			};
			name = Debug;
		};
		4B2991031BD9DB5A00A3226E /* Release */ = {
			isa = XCBuildConfiguration;
			buildSettings = {
				ASSETCATALOG_COMPILER_APPICON_NAME = AppIcon;
				INFOPLIST_FILE = TradingFacesMobile/Info.plist;
				LD_RUNPATH_SEARCH_PATHS = "$(inherited) @executable_path/Frameworks";
				PRODUCT_BUNDLE_IDENTIFIER = com.evanhughes3.TradingFacesMobile;
				PRODUCT_NAME = "$(TARGET_NAME)";
			};
			name = Release;
		};
		4BEEC26D1BD9E3CC00248210 /* Debug */ = {
			isa = XCBuildConfiguration;
			buildSettings = {
				BUNDLE_LOADER = "$(TEST_HOST)";
				INFOPLIST_FILE = Specs/Info.plist;
				LD_RUNPATH_SEARCH_PATHS = "$(inherited) @executable_path/Frameworks @loader_path/Frameworks";
				OTHER_LDFLAGS = (
					"-all_load",
					"-ObjC",
				);
				PRODUCT_BUNDLE_IDENTIFIER = com.evanhughes3.Specs;
				PRODUCT_NAME = "$(TARGET_NAME)";
				TEST_HOST = "$(BUILT_PRODUCTS_DIR)/TradingFacesMobile.app/TradingFacesMobile";
				USER_HEADER_SEARCH_PATHS = "\"$PROJECT_DIR/Externals/cedar/Source/Headers\"/**";
			};
			name = Debug;
		};
		4BEEC26E1BD9E3CC00248210 /* Release */ = {
			isa = XCBuildConfiguration;
			buildSettings = {
				BUNDLE_LOADER = "$(TEST_HOST)";
				INFOPLIST_FILE = Specs/Info.plist;
				LD_RUNPATH_SEARCH_PATHS = "$(inherited) @executable_path/Frameworks @loader_path/Frameworks";
				OTHER_LDFLAGS = (
					"-all_load",
					"-ObjC",
				);
				PRODUCT_BUNDLE_IDENTIFIER = com.evanhughes3.Specs;
				PRODUCT_NAME = "$(TARGET_NAME)";
				TEST_HOST = "$(BUILT_PRODUCTS_DIR)/TradingFacesMobile.app/TradingFacesMobile";
				USER_HEADER_SEARCH_PATHS = "\"$PROJECT_DIR/Externals/cedar/Source/Headers\"/**";
			};
			name = Release;
		};
/* End XCBuildConfiguration section */

/* Begin XCConfigurationList section */
		4B2990DA1BD9DB5A00A3226E /* Build configuration list for PBXProject "TradingFacesMobile" */ = {
			isa = XCConfigurationList;
			buildConfigurations = (
				4B2990FF1BD9DB5A00A3226E /* Debug */,
				4B2991001BD9DB5A00A3226E /* Release */,
			);
			defaultConfigurationIsVisible = 0;
			defaultConfigurationName = Release;
		};
		4B2991011BD9DB5A00A3226E /* Build configuration list for PBXNativeTarget "TradingFacesMobile" */ = {
			isa = XCConfigurationList;
			buildConfigurations = (
				4B2991021BD9DB5A00A3226E /* Debug */,
				4B2991031BD9DB5A00A3226E /* Release */,
			);
			defaultConfigurationIsVisible = 0;
			defaultConfigurationName = Release;
		};
		4BEEC26C1BD9E3CC00248210 /* Build configuration list for PBXNativeTarget "Specs" */ = {
			isa = XCConfigurationList;
			buildConfigurations = (
				4BEEC26D1BD9E3CC00248210 /* Debug */,
				4BEEC26E1BD9E3CC00248210 /* Release */,
			);
			defaultConfigurationIsVisible = 0;
		};
/* End XCConfigurationList section */
	};
	rootObject = 4B2990D71BD9DB5A00A3226E /* Project object */;
}
