// !$*UTF8*$!
{
	archiveVersion = 1;
	classes = {
	};
	objectVersion = 46;
	objects = {

/* Begin PBXBuildFile section */
		4B2990E41BD9DB5A00A3226E /* main.m in Sources */ = {isa = PBXBuildFile; fileRef = 4B2990E31BD9DB5A00A3226E /* main.m */; };
		4B2990E71BD9DB5A00A3226E /* AppDelegate.m in Sources */ = {isa = PBXBuildFile; fileRef = 4B2990E61BD9DB5A00A3226E /* AppDelegate.m */; };
		4B2990EA1BD9DB5A00A3226E /* ViewController.m in Sources */ = {isa = PBXBuildFile; fileRef = 4B2990E91BD9DB5A00A3226E /* ViewController.m */; };
		4B2990ED1BD9DB5A00A3226E /* Main.storyboard in Resources */ = {isa = PBXBuildFile; fileRef = 4B2990EB1BD9DB5A00A3226E /* Main.storyboard */; };
		4B2990EF1BD9DB5A00A3226E /* Assets.xcassets in Resources */ = {isa = PBXBuildFile; fileRef = 4B2990EE1BD9DB5A00A3226E /* Assets.xcassets */; };
		4B2990F21BD9DB5A00A3226E /* LaunchScreen.storyboard in Resources */ = {isa = PBXBuildFile; fileRef = 4B2990F01BD9DB5A00A3226E /* LaunchScreen.storyboard */; };
		4B2990FD1BD9DB5A00A3226E /* TradingFacesMobileTests.m in Sources */ = {isa = PBXBuildFile; fileRef = 4B2990FC1BD9DB5A00A3226E /* TradingFacesMobileTests.m */; };
/* End PBXBuildFile section */

/* Begin PBXContainerItemProxy section */
		4B2990F91BD9DB5A00A3226E /* PBXContainerItemProxy */ = {
			isa = PBXContainerItemProxy;
			containerPortal = 4B2990D71BD9DB5A00A3226E /* Project object */;
			proxyType = 1;
			remoteGlobalIDString = 4B2990DE1BD9DB5A00A3226E;
			remoteInfo = TradingFacesMobile;
		};
/* End PBXContainerItemProxy section */

/* Begin PBXFileReference section */
		4B2990DF1BD9DB5A00A3226E /* TradingFacesMobile.app */ = {isa = PBXFileReference; explicitFileType = wrapper.application; includeInIndex = 0; path = TradingFacesMobile.app; sourceTree = BUILT_PRODUCTS_DIR; };
		4B2990E31BD9DB5A00A3226E /* main.m */ = {isa = PBXFileReference; lastKnownFileType = sourcecode.c.objc; path = main.m; sourceTree = "<group>"; };
		4B2990E51BD9DB5A00A3226E /* AppDelegate.h */ = {isa = PBXFileReference; lastKnownFileType = sourcecode.c.h; path = AppDelegate.h; sourceTree = "<group>"; };
		4B2990E61BD9DB5A00A3226E /* AppDelegate.m */ = {isa = PBXFileReference; lastKnownFileType = sourcecode.c.objc; path = AppDelegate.m; sourceTree = "<group>"; };
		4B2990E81BD9DB5A00A3226E /* ViewController.h */ = {isa = PBXFileReference; lastKnownFileType = sourcecode.c.h; path = ViewController.h; sourceTree = "<group>"; };
		4B2990E91BD9DB5A00A3226E /* ViewController.m */ = {isa = PBXFileReference; lastKnownFileType = sourcecode.c.objc; path = ViewController.m; sourceTree = "<group>"; };
		4B2990EC1BD9DB5A00A3226E /* Base */ = {isa = PBXFileReference; lastKnownFileType = file.storyboard; name = Base; path = Base.lproj/Main.storyboard; sourceTree = "<group>"; };
		4B2990EE1BD9DB5A00A3226E /* Assets.xcassets */ = {isa = PBXFileReference; lastKnownFileType = folder.assetcatalog; path = Assets.xcassets; sourceTree = "<group>"; };
		4B2990F11BD9DB5A00A3226E /* Base */ = {isa = PBXFileReference; lastKnownFileType = file.storyboard; name = Base; path = Base.lproj/LaunchScreen.storyboard; sourceTree = "<group>"; };
		4B2990F31BD9DB5A00A3226E /* Info.plist */ = {isa = PBXFileReference; lastKnownFileType = text.plist.xml; path = Info.plist; sourceTree = "<group>"; };
		4B2990F81BD9DB5A00A3226E /* TradingFacesMobileTests.xctest */ = {isa = PBXFileReference; explicitFileType = wrapper.cfbundle; includeInIndex = 0; path = TradingFacesMobileTests.xctest; sourceTree = BUILT_PRODUCTS_DIR; };
		4B2990FC1BD9DB5A00A3226E /* TradingFacesMobileTests.m */ = {isa = PBXFileReference; lastKnownFileType = sourcecode.c.objc; path = TradingFacesMobileTests.m; sourceTree = "<group>"; };
		4B2990FE1BD9DB5A00A3226E /* Info.plist */ = {isa = PBXFileReference; lastKnownFileType = text.plist.xml; path = Info.plist; sourceTree = "<group>"; };
/* End PBXFileReference section */

/* Begin PBXFrameworksBuildPhase section */
		4B2990DC1BD9DB5A00A3226E /* Frameworks */ = {
			isa = PBXFrameworksBuildPhase;
			buildActionMask = 2147483647;
			files = (
			);
			runOnlyForDeploymentPostprocessing = 0;
		};
		4B2990F51BD9DB5A00A3226E /* Frameworks */ = {
			isa = PBXFrameworksBuildPhase;
			buildActionMask = 2147483647;
			files = (
			);
			runOnlyForDeploymentPostprocessing = 0;
		};
/* End PBXFrameworksBuildPhase section */

/* Begin PBXGroup section */
		4B2990D61BD9DB5A00A3226E = {
			isa = PBXGroup;
			children = (
				4B2990E11BD9DB5A00A3226E /* TradingFacesMobile */,
				4B2990FB1BD9DB5A00A3226E /* TradingFacesMobileTests */,
				4B2990E01BD9DB5A00A3226E /* Products */,
			);
			sourceTree = "<group>";
		};
		4B2990E01BD9DB5A00A3226E /* Products */ = {
			isa = PBXGroup;
			children = (
				4B2990DF1BD9DB5A00A3226E /* TradingFacesMobile.app */,
				4B2990F81BD9DB5A00A3226E /* TradingFacesMobileTests.xctest */,
			);
			name = Products;
			sourceTree = "<group>";
		};
		4B2990E11BD9DB5A00A3226E /* TradingFacesMobile */ = {
			isa = PBXGroup;
			children = (
				4B2990E51BD9DB5A00A3226E /* AppDelegate.h */,
				4B2990E61BD9DB5A00A3226E /* AppDelegate.m */,
				4B2990E81BD9DB5A00A3226E /* ViewController.h */,
				4B2990E91BD9DB5A00A3226E /* ViewController.m */,
				4B2990EB1BD9DB5A00A3226E /* Main.storyboard */,
				4B2990EE1BD9DB5A00A3226E /* Assets.xcassets */,
				4B2990F01BD9DB5A00A3226E /* LaunchScreen.storyboard */,
				4B2990F31BD9DB5A00A3226E /* Info.plist */,
				4B2990E21BD9DB5A00A3226E /* Supporting Files */,
			);
			path = TradingFacesMobile;
			sourceTree = "<group>";
		};
		4B2990E21BD9DB5A00A3226E /* Supporting Files */ = {
			isa = PBXGroup;
			children = (
				4B2990E31BD9DB5A00A3226E /* main.m */,
			);
			name = "Supporting Files";
			sourceTree = "<group>";
		};
		4B2990FB1BD9DB5A00A3226E /* TradingFacesMobileTests */ = {
			isa = PBXGroup;
			children = (
				4B2990FC1BD9DB5A00A3226E /* TradingFacesMobileTests.m */,
				4B2990FE1BD9DB5A00A3226E /* Info.plist */,
			);
			path = TradingFacesMobileTests;
			sourceTree = "<group>";
		};
/* End PBXGroup section */

/* Begin PBXNativeTarget section */
		4B2990DE1BD9DB5A00A3226E /* TradingFacesMobile */ = {
			isa = PBXNativeTarget;
			buildConfigurationList = 4B2991011BD9DB5A00A3226E /* Build configuration list for PBXNativeTarget "TradingFacesMobile" */;
			buildPhases = (
				4B2990DB1BD9DB5A00A3226E /* Sources */,
				4B2990DC1BD9DB5A00A3226E /* Frameworks */,
				4B2990DD1BD9DB5A00A3226E /* Resources */,
			);
			buildRules = (
			);
			dependencies = (
			);
			name = TradingFacesMobile;
			productName = TradingFacesMobile;
			productReference = 4B2990DF1BD9DB5A00A3226E /* TradingFacesMobile.app */;
			productType = "com.apple.product-type.application";
		};
		4B2990F71BD9DB5A00A3226E /* TradingFacesMobileTests */ = {
			isa = PBXNativeTarget;
			buildConfigurationList = 4B2991041BD9DB5A00A3226E /* Build configuration list for PBXNativeTarget "TradingFacesMobileTests" */;
			buildPhases = (
				4B2990F41BD9DB5A00A3226E /* Sources */,
				4B2990F51BD9DB5A00A3226E /* Frameworks */,
				4B2990F61BD9DB5A00A3226E /* Resources */,
			);
			buildRules = (
			);
			dependencies = (
				4B2990FA1BD9DB5A00A3226E /* PBXTargetDependency */,
			);
			name = TradingFacesMobileTests;
			productName = TradingFacesMobileTests;
			productReference = 4B2990F81BD9DB5A00A3226E /* TradingFacesMobileTests.xctest */;
			productType = "com.apple.product-type.bundle.unit-test";
		};
/* End PBXNativeTarget section */

/* Begin PBXProject section */
		4B2990D71BD9DB5A00A3226E /* Project object */ = {
			isa = PBXProject;
			attributes = {
				LastUpgradeCheck = 0700;
				ORGANIZATIONNAME = "Evan Hughes";
				TargetAttributes = {
					4B2990DE1BD9DB5A00A3226E = {
						CreatedOnToolsVersion = 7.0;
					};
					4B2990F71BD9DB5A00A3226E = {
						CreatedOnToolsVersion = 7.0;
						TestTargetID = 4B2990DE1BD9DB5A00A3226E;
					};
				};
			};
			buildConfigurationList = 4B2990DA1BD9DB5A00A3226E /* Build configuration list for PBXProject "TradingFacesMobile" */;
			compatibilityVersion = "Xcode 3.2";
			developmentRegion = English;
			hasScannedForEncodings = 0;
			knownRegions = (
				en,
				Base,
			);
			mainGroup = 4B2990D61BD9DB5A00A3226E;
			productRefGroup = 4B2990E01BD9DB5A00A3226E /* Products */;
			projectDirPath = "";
			projectRoot = "";
			targets = (
				4B2990DE1BD9DB5A00A3226E /* TradingFacesMobile */,
				4B2990F71BD9DB5A00A3226E /* TradingFacesMobileTests */,
			);
		};
/* End PBXProject section */

/* Begin PBXResourcesBuildPhase section */
		4B2990DD1BD9DB5A00A3226E /* Resources */ = {
			isa = PBXResourcesBuildPhase;
			buildActionMask = 2147483647;
			files = (
				4B2990F21BD9DB5A00A3226E /* LaunchScreen.storyboard in Resources */,
				4B2990EF1BD9DB5A00A3226E /* Assets.xcassets in Resources */,
				4B2990ED1BD9DB5A00A3226E /* Main.storyboard in Resources */,
			);
			runOnlyForDeploymentPostprocessing = 0;
		};
		4B2990F61BD9DB5A00A3226E /* Resources */ = {
			isa = PBXResourcesBuildPhase;
			buildActionMask = 2147483647;
			files = (
			);
			runOnlyForDeploymentPostprocessing = 0;
		};
/* End PBXResourcesBuildPhase section */

/* Begin PBXSourcesBuildPhase section */
		4B2990DB1BD9DB5A00A3226E /* Sources */ = {
			isa = PBXSourcesBuildPhase;
			buildActionMask = 2147483647;
			files = (
				4B2990EA1BD9DB5A00A3226E /* ViewController.m in Sources */,
				4B2990E71BD9DB5A00A3226E /* AppDelegate.m in Sources */,
				4B2990E41BD9DB5A00A3226E /* main.m in Sources */,
			);
			runOnlyForDeploymentPostprocessing = 0;
		};
		4B2990F41BD9DB5A00A3226E /* Sources */ = {
			isa = PBXSourcesBuildPhase;
			buildActionMask = 2147483647;
			files = (
				4B2990FD1BD9DB5A00A3226E /* TradingFacesMobileTests.m in Sources */,
			);
			runOnlyForDeploymentPostprocessing = 0;
		};
/* End PBXSourcesBuildPhase section */

/* Begin PBXTargetDependency section */
		4B2990FA1BD9DB5A00A3226E /* PBXTargetDependency */ = {
			isa = PBXTargetDependency;
			target = 4B2990DE1BD9DB5A00A3226E /* TradingFacesMobile */;
			targetProxy = 4B2990F91BD9DB5A00A3226E /* PBXContainerItemProxy */;
		};
/* End PBXTargetDependency section */

/* Begin PBXVariantGroup section */
		4B2990EB1BD9DB5A00A3226E /* Main.storyboard */ = {
			isa = PBXVariantGroup;
			children = (
				4B2990EC1BD9DB5A00A3226E /* Base */,
			);
			name = Main.storyboard;
			sourceTree = "<group>";
		};
		4B2990F01BD9DB5A00A3226E /* LaunchScreen.storyboard */ = {
			isa = PBXVariantGroup;
			children = (
				4B2990F11BD9DB5A00A3226E /* Base */,
			);
			name = LaunchScreen.storyboard;
			sourceTree = "<group>";
		};
/* End PBXVariantGroup section */

/* Begin XCBuildConfiguration section */
		4B2990FF1BD9DB5A00A3226E /* Debug */ = {
			isa = XCBuildConfiguration;
			buildSettings = {
				ALWAYS_SEARCH_USER_PATHS = NO;
				CLANG_CXX_LANGUAGE_STANDARD = "gnu++0x";
				CLANG_CXX_LIBRARY = "libc++";
				CLANG_ENABLE_MODULES = YES;
				CLANG_ENABLE_OBJC_ARC = YES;
				CLANG_WARN_BOOL_CONVERSION = YES;
				CLANG_WARN_CONSTANT_CONVERSION = YES;
				CLANG_WARN_DIRECT_OBJC_ISA_USAGE = YES_ERROR;
				CLANG_WARN_EMPTY_BODY = YES;
				CLANG_WARN_ENUM_CONVERSION = YES;
				CLANG_WARN_INT_CONVERSION = YES;
				CLANG_WARN_OBJC_ROOT_CLASS = YES_ERROR;
				CLANG_WARN_UNREACHABLE_CODE = YES;
				CLANG_WARN__DUPLICATE_METHOD_MATCH = YES;
				"CODE_SIGN_IDENTITY[sdk=iphoneos*]" = "iPhone Developer";
				COPY_PHASE_STRIP = NO;
				DEBUG_INFORMATION_FORMAT = dwarf;
				ENABLE_STRICT_OBJC_MSGSEND = YES;
				ENABLE_TESTABILITY = YES;
				GCC_C_LANGUAGE_STANDARD = gnu99;
				GCC_DYNAMIC_NO_PIC = NO;
				GCC_NO_COMMON_BLOCKS = YES;
				GCC_OPTIMIZATION_LEVEL = 0;
				GCC_PREPROCESSOR_DEFINITIONS = (
					"DEBUG=1",
					"$(inherited)",
				);
				GCC_WARN_64_TO_32_BIT_CONVERSION = YES;
				GCC_WARN_ABOUT_RETURN_TYPE = YES_ERROR;
				GCC_WARN_UNDECLARED_SELECTOR = YES;
				GCC_WARN_UNINITIALIZED_AUTOS = YES_AGGRESSIVE;
				GCC_WARN_UNUSED_FUNCTION = YES;
				GCC_WARN_UNUSED_VARIABLE = YES;
				IPHONEOS_DEPLOYMENT_TARGET = 9.0;
				MTL_ENABLE_DEBUG_INFO = YES;
				ONLY_ACTIVE_ARCH = YES;
				SDKROOT = iphoneos;
			};
			name = Debug;
		};
		4B2991001BD9DB5A00A3226E /* Release */ = {
			isa = XCBuildConfiguration;
			buildSettings = {
				ALWAYS_SEARCH_USER_PATHS = NO;
				CLANG_CXX_LANGUAGE_STANDARD = "gnu++0x";
				CLANG_CXX_LIBRARY = "libc++";
				CLANG_ENABLE_MODULES = YES;
				CLANG_ENABLE_OBJC_ARC = YES;
				CLANG_WARN_BOOL_CONVERSION = YES;
				CLANG_WARN_CONSTANT_CONVERSION = YES;
				CLANG_WARN_DIRECT_OBJC_ISA_USAGE = YES_ERROR;
				CLANG_WARN_EMPTY_BODY = YES;
				CLANG_WARN_ENUM_CONVERSION = YES;
				CLANG_WARN_INT_CONVERSION = YES;
				CLANG_WARN_OBJC_ROOT_CLASS = YES_ERROR;
				CLANG_WARN_UNREACHABLE_CODE = YES;
				CLANG_WARN__DUPLICATE_METHOD_MATCH = YES;
				"CODE_SIGN_IDENTITY[sdk=iphoneos*]" = "iPhone Developer";
				COPY_PHASE_STRIP = NO;
				DEBUG_INFORMATION_FORMAT = "dwarf-with-dsym";
				ENABLE_NS_ASSERTIONS = NO;
				ENABLE_STRICT_OBJC_MSGSEND = YES;
				GCC_C_LANGUAGE_STANDARD = gnu99;
				GCC_NO_COMMON_BLOCKS = YES;
				GCC_WARN_64_TO_32_BIT_CONVERSION = YES;
				GCC_WARN_ABOUT_RETURN_TYPE = YES_ERROR;
				GCC_WARN_UNDECLARED_SELECTOR = YES;
				GCC_WARN_UNINITIALIZED_AUTOS = YES_AGGRESSIVE;
				GCC_WARN_UNUSED_FUNCTION = YES;
				GCC_WARN_UNUSED_VARIABLE = YES;
				IPHONEOS_DEPLOYMENT_TARGET = 9.0;
				MTL_ENABLE_DEBUG_INFO = NO;
				SDKROOT = iphoneos;
				VALIDATE_PRODUCT = YES;
			};
			name = Release;
		};
		4B2991021BD9DB5A00A3226E /* Debug */ = {
			isa = XCBuildConfiguration;
			buildSettings = {
				ASSETCATALOG_COMPILER_APPICON_NAME = AppIcon;
				INFOPLIST_FILE = TradingFacesMobile/Info.plist;
				LD_RUNPATH_SEARCH_PATHS = "$(inherited) @executable_path/Frameworks";
				PRODUCT_BUNDLE_IDENTIFIER = com.evanhughes3.TradingFacesMobile;
				PRODUCT_NAME = "$(TARGET_NAME)";
			};
			name = Debug;
		};
		4B2991031BD9DB5A00A3226E /* Release */ = {
			isa = XCBuildConfiguration;
			buildSettings = {
				ASSETCATALOG_COMPILER_APPICON_NAME = AppIcon;
				INFOPLIST_FILE = TradingFacesMobile/Info.plist;
				LD_RUNPATH_SEARCH_PATHS = "$(inherited) @executable_path/Frameworks";
				PRODUCT_BUNDLE_IDENTIFIER = com.evanhughes3.TradingFacesMobile;
				PRODUCT_NAME = "$(TARGET_NAME)";
			};
			name = Release;
		};
		4B2991051BD9DB5A00A3226E /* Debug */ = {
			isa = XCBuildConfiguration;
			buildSettings = {
				BUNDLE_LOADER = "$(TEST_HOST)";
				INFOPLIST_FILE = TradingFacesMobileTests/Info.plist;
				LD_RUNPATH_SEARCH_PATHS = "$(inherited) @executable_path/Frameworks @loader_path/Frameworks";
				PRODUCT_BUNDLE_IDENTIFIER = com.evanhughes3.TradingFacesMobileTests;
				PRODUCT_NAME = "$(TARGET_NAME)";
				TEST_HOST = "$(BUILT_PRODUCTS_DIR)/TradingFacesMobile.app/TradingFacesMobile";
			};
			name = Debug;
		};
		4B2991061BD9DB5A00A3226E /* Release */ = {
			isa = XCBuildConfiguration;
			buildSettings = {
				BUNDLE_LOADER = "$(TEST_HOST)";
				INFOPLIST_FILE = TradingFacesMobileTests/Info.plist;
				LD_RUNPATH_SEARCH_PATHS = "$(inherited) @executable_path/Frameworks @loader_path/Frameworks";
				PRODUCT_BUNDLE_IDENTIFIER = com.evanhughes3.TradingFacesMobileTests;
				PRODUCT_NAME = "$(TARGET_NAME)";
				TEST_HOST = "$(BUILT_PRODUCTS_DIR)/TradingFacesMobile.app/TradingFacesMobile";
			};
			name = Release;
		};
/* End XCBuildConfiguration section */

/* Begin XCConfigurationList section */
		4B2990DA1BD9DB5A00A3226E /* Build configuration list for PBXProject "TradingFacesMobile" */ = {
			isa = XCConfigurationList;
			buildConfigurations = (
				4B2990FF1BD9DB5A00A3226E /* Debug */,
				4B2991001BD9DB5A00A3226E /* Release */,
			);
			defaultConfigurationIsVisible = 0;
			defaultConfigurationName = Release;
		};
		4B2991011BD9DB5A00A3226E /* Build configuration list for PBXNativeTarget "TradingFacesMobile" */ = {
			isa = XCConfigurationList;
			buildConfigurations = (
				4B2991021BD9DB5A00A3226E /* Debug */,
				4B2991031BD9DB5A00A3226E /* Release */,
			);
			defaultConfigurationIsVisible = 0;
		};
		4B2991041BD9DB5A00A3226E /* Build configuration list for PBXNativeTarget "TradingFacesMobileTests" */ = {
			isa = XCConfigurationList;
			buildConfigurations = (
				4B2991051BD9DB5A00A3226E /* Debug */,
				4B2991061BD9DB5A00A3226E /* Release */,
			);
			defaultConfigurationIsVisible = 0;
		};
/* End XCConfigurationList section */
	};
	rootObject = 4B2990D71BD9DB5A00A3226E /* Project object */;
}
